
Microsoft Visual Studio Solution File, Format Version 12.00
# Visual Studio Version 17
VisualStudioVersion = 17.9.34714.143
MinimumVisualStudioVersion = 10.0.40219.1
Project("{FAE04EC0-301F-11D3-BF4B-00C04F79EFBC}") = "DapperCrudApi", "DapperCrudApi\DapperCrudApi.csproj", "{F3410EBF-198F-4B72-A231-49627B0EDDA0}"
EndProject
Global
	GlobalSection(SolutionConfigurationPlatforms) = preSolution
		Debug|Any CPU = Debug|Any CPU
		Release|Any CPU = Release|Any CPU
	EndGlobalSection
	GlobalSection(ProjectConfigurationPlatforms) = postSolution
		{F3410EBF-198F-4B72-A231-49627B0EDDA0}.Debug|Any CPU.ActiveCfg = Debug|Any CPU
		{F3410EBF-198F-4B72-A231-49627B0EDDA0}.Debug|Any CPU.Build.0 = Debug|Any CPU
		{F3410EBF-198F-4B72-A231-49627B0EDDA0}.Release|Any CPU.ActiveCfg = Release|Any CPU
		{F3410EBF-198F-4B72-A231-49627B0EDDA0}.Release|Any CPU.Build.0 = Release|Any CPU
	EndGlobalSection
	GlobalSection(SolutionProperties) = preSolution
		HideSolutionNode = FALSE
	EndGlobalSection
	GlobalSection(ExtensibilityGlobals) = postSolution
		SolutionGuid = {BDCFFB6D-BD23-46E1-963E-3E1E5C1AC8DE}
	EndGlobalSection
EndGlobal
